
Microsoft Visual Studio Solution File, Format Version 12.00
# Visual Studio 14
VisualStudioVersion = 14.0.25420.1
MinimumVisualStudioVersion = 10.0.40219.1
Project("{FAE04EC0-301F-11D3-BF4B-00C04F79EFBC}") = "WebTaxes", "WebTaxes\WebTaxes.csproj", "{8FB07B34-1189-4804-89AA-E2E1A2AE1C83}"
EndProject
Project("{FAE04EC0-301F-11D3-BF4B-00C04F79EFBC}") = "WebTaxes.Tests", "WebTaxes.Tests\WebTaxes.Tests.csproj", "{C420BF57-9F95-4B4A-96F8-7F2A420EF3F3}"
EndProject
Global
	GlobalSection(SolutionConfigurationPlatforms) = preSolution
		Debug|Any CPU = Debug|Any CPU
		Release|Any CPU = Release|Any CPU
	EndGlobalSection
	GlobalSection(ProjectConfigurationPlatforms) = postSolution
		{8FB07B34-1189-4804-89AA-E2E1A2AE1C83}.Debug|Any CPU.ActiveCfg = Debug|Any CPU
		{8FB07B34-1189-4804-89AA-E2E1A2AE1C83}.Debug|Any CPU.Build.0 = Debug|Any CPU
		{8FB07B34-1189-4804-89AA-E2E1A2AE1C83}.Release|Any CPU.ActiveCfg = Release|Any CPU
		{8FB07B34-1189-4804-89AA-E2E1A2AE1C83}.Release|Any CPU.Build.0 = Release|Any CPU
		{C420BF57-9F95-4B4A-96F8-7F2A420EF3F3}.Debug|Any CPU.ActiveCfg = Debug|Any CPU
		{C420BF57-9F95-4B4A-96F8-7F2A420EF3F3}.Debug|Any CPU.Build.0 = Debug|Any CPU
		{C420BF57-9F95-4B4A-96F8-7F2A420EF3F3}.Release|Any CPU.ActiveCfg = Release|Any CPU
		{C420BF57-9F95-4B4A-96F8-7F2A420EF3F3}.Release|Any CPU.Build.0 = Release|Any CPU
	EndGlobalSection
	GlobalSection(SolutionProperties) = preSolution
		HideSolutionNode = FALSE
	EndGlobalSection
EndGlobal
